// !$*UTF8*$!
{
	archiveVersion = 1;
	classes = {
	};
	objectVersion = 48;
	objects = {

/* Begin PBXBuildFile section */
		E4F72A882098331200243B19 /* AppDelegate.swift in Sources */ = {isa = PBXBuildFile; fileRef = E4F72A872098331200243B19 /* AppDelegate.swift */; };
		E4F72A8C2098331200243B19 /* Actions.sks in Resources */ = {isa = PBXBuildFile; fileRef = E4F72A8B2098331200243B19 /* Actions.sks */; };
		E4F72A8E2098331200243B19 /* GameScene.swift in Sources */ = {isa = PBXBuildFile; fileRef = E4F72A8D2098331200243B19 /* GameScene.swift */; };
		E4F72A902098331200243B19 /* GameViewController.swift in Sources */ = {isa = PBXBuildFile; fileRef = E4F72A8F2098331200243B19 /* GameViewController.swift */; };
		E4F72A932098331200243B19 /* Main.storyboard in Resources */ = {isa = PBXBuildFile; fileRef = E4F72A912098331200243B19 /* Main.storyboard */; };
		E4F72A952098331200243B19 /* Assets.xcassets in Resources */ = {isa = PBXBuildFile; fileRef = E4F72A942098331200243B19 /* Assets.xcassets */; };
		E4F72A982098331200243B19 /* LaunchScreen.storyboard in Resources */ = {isa = PBXBuildFile; fileRef = E4F72A962098331200243B19 /* LaunchScreen.storyboard */; };
		E4F72AA32098331200243B19 /* SwiftJumpTests.swift in Sources */ = {isa = PBXBuildFile; fileRef = E4F72AA22098331200243B19 /* SwiftJumpTests.swift */; };
		E4F72AAE2098331200243B19 /* SwiftJumpUITests.swift in Sources */ = {isa = PBXBuildFile; fileRef = E4F72AAD2098331200243B19 /* SwiftJumpUITests.swift */; };
		E4F72AE6209835C000243B19 /* Background04@2x.png in Resources */ = {isa = PBXBuildFile; fileRef = E4F72ABC209835C000243B19 /* Background04@2x.png */; };
		E4F72AE7209835C000243B19 /* Background08@2x.png in Resources */ = {isa = PBXBuildFile; fileRef = E4F72ABD209835C000243B19 /* Background08@2x.png */; };
		E4F72AE8209835C000243B19 /* Background16@2x.png in Resources */ = {isa = PBXBuildFile; fileRef = E4F72ABE209835C000243B19 /* Background16@2x.png */; };
		E4F72AE9209835C000243B19 /* Background20@2x.png in Resources */ = {isa = PBXBuildFile; fileRef = E4F72ABF209835C000243B19 /* Background20@2x.png */; };
		E4F72AEA209835C000243B19 /* Background14@2x.png in Resources */ = {isa = PBXBuildFile; fileRef = E4F72AC0209835C000243B19 /* Background14@2x.png */; };
		E4F72AEB209835C000243B19 /* Background06@2x.png in Resources */ = {isa = PBXBuildFile; fileRef = E4F72AC1209835C000243B19 /* Background06@2x.png */; };
		E4F72AEC209835C000243B19 /* Background18@2x.png in Resources */ = {isa = PBXBuildFile; fileRef = E4F72AC2209835C000243B19 /* Background18@2x.png */; };
		E4F72AED209835C000243B19 /* Background04.png in Resources */ = {isa = PBXBuildFile; fileRef = E4F72AC3209835C000243B19 /* Background04.png */; };
		E4F72AEE209835C000243B19 /* Background10.png in Resources */ = {isa = PBXBuildFile; fileRef = E4F72AC4209835C000243B19 /* Background10.png */; };
		E4F72AEF209835C000243B19 /* Background02@2x.png in Resources */ = {isa = PBXBuildFile; fileRef = E4F72AC5209835C000243B19 /* Background02@2x.png */; };
		E4F72AF0209835C000243B19 /* Background11.png in Resources */ = {isa = PBXBuildFile; fileRef = E4F72AC6209835C000243B19 /* Background11.png */; };
		E4F72AF1209835C000243B19 /* Background05.png in Resources */ = {isa = PBXBuildFile; fileRef = E4F72AC7209835C000243B19 /* Background05.png */; };
		E4F72AF2209835C000243B19 /* Background10@2x.png in Resources */ = {isa = PBXBuildFile; fileRef = E4F72AC8209835C000243B19 /* Background10@2x.png */; };
		E4F72AF3209835C000243B19 /* Background13.png in Resources */ = {isa = PBXBuildFile; fileRef = E4F72AC9209835C000243B19 /* Background13.png */; };
		E4F72AF4209835C000243B19 /* Background07.png in Resources */ = {isa = PBXBuildFile; fileRef = E4F72ACA209835C000243B19 /* Background07.png */; };
		E4F72AF5209835C000243B19 /* Background06.png in Resources */ = {isa = PBXBuildFile; fileRef = E4F72ACB209835C000243B19 /* Background06.png */; };
		E4F72AF6209835C000243B19 /* Background12.png in Resources */ = {isa = PBXBuildFile; fileRef = E4F72ACC209835C000243B19 /* Background12.png */; };
		E4F72AF7209835C000243B19 /* Background16.png in Resources */ = {isa = PBXBuildFile; fileRef = E4F72ACD209835C000243B19 /* Background16.png */; };
		E4F72AF8209835C000243B19 /* Background02.png in Resources */ = {isa = PBXBuildFile; fileRef = E4F72ACE209835C000243B19 /* Background02.png */; };
		E4F72AF9209835C000243B19 /* Background03.png in Resources */ = {isa = PBXBuildFile; fileRef = E4F72ACF209835C000243B19 /* Background03.png */; };
		E4F72AFA209835C000243B19 /* Background17.png in Resources */ = {isa = PBXBuildFile; fileRef = E4F72AD0209835C000243B19 /* Background17.png */; };
		E4F72AFB209835C000243B19 /* Background01.png in Resources */ = {isa = PBXBuildFile; fileRef = E4F72AD1209835C000243B19 /* Background01.png */; };
		E4F72AFC209835C000243B19 /* Background15.png in Resources */ = {isa = PBXBuildFile; fileRef = E4F72AD2209835C000243B19 /* Background15.png */; };
		E4F72AFD209835C000243B19 /* Background14.png in Resources */ = {isa = PBXBuildFile; fileRef = E4F72AD3209835C000243B19 /* Background14.png */; };
		E4F72AFE209835C000243B19 /* Background12@2x.png in Resources */ = {isa = PBXBuildFile; fileRef = E4F72AD4209835C000243B19 /* Background12@2x.png */; };
		E4F72AFF209835C000243B19 /* Background.png in Resources */ = {isa = PBXBuildFile; fileRef = E4F72AD5209835C000243B19 /* Background.png */; };
		E4F72B00209835C000243B19 /* Background19.png in Resources */ = {isa = PBXBuildFile; fileRef = E4F72AD6209835C000243B19 /* Background19.png */; };
		E4F72B01209835C000243B19 /* Background05@2x.png in Resources */ = {isa = PBXBuildFile; fileRef = E4F72AD7209835C000243B19 /* Background05@2x.png */; };
		E4F72B02209835C000243B19 /* Background18.png in Resources */ = {isa = PBXBuildFile; fileRef = E4F72AD8209835C000243B19 /* Background18.png */; };
		E4F72B03209835C000243B19 /* Background17@2x.png in Resources */ = {isa = PBXBuildFile; fileRef = E4F72AD9209835C000243B19 /* Background17@2x.png */; };
		E4F72B04209835C000243B19 /* Background09@2x.png in Resources */ = {isa = PBXBuildFile; fileRef = E4F72ADA209835C000243B19 /* Background09@2x.png */; };
		E4F72B05209835C000243B19 /* Background20.png in Resources */ = {isa = PBXBuildFile; fileRef = E4F72ADB209835C000243B19 /* Background20.png */; };
		E4F72B06209835C000243B19 /* Background08.png in Resources */ = {isa = PBXBuildFile; fileRef = E4F72ADC209835C000243B19 /* Background08.png */; };
		E4F72B07209835C000243B19 /* Background09.png in Resources */ = {isa = PBXBuildFile; fileRef = E4F72ADD209835C000243B19 /* Background09.png */; };
		E4F72B08209835C000243B19 /* Background15@2x.png in Resources */ = {isa = PBXBuildFile; fileRef = E4F72ADE209835C000243B19 /* Background15@2x.png */; };
		E4F72B09209835C000243B19 /* Background19@2x.png in Resources */ = {isa = PBXBuildFile; fileRef = E4F72ADF209835C000243B19 /* Background19@2x.png */; };
		E4F72B0A209835C000243B19 /* Background07@2x.png in Resources */ = {isa = PBXBuildFile; fileRef = E4F72AE0209835C000243B19 /* Background07@2x.png */; };
		E4F72B0B209835C000243B19 /* Background@2x.png in Resources */ = {isa = PBXBuildFile; fileRef = E4F72AE1209835C000243B19 /* Background@2x.png */; };
		E4F72B0C209835C000243B19 /* Background03@2x.png in Resources */ = {isa = PBXBuildFile; fileRef = E4F72AE2209835C000243B19 /* Background03@2x.png */; };
		E4F72B0D209835C000243B19 /* Background11@2x.png in Resources */ = {isa = PBXBuildFile; fileRef = E4F72AE3209835C000243B19 /* Background11@2x.png */; };
		E4F72B0E209835C000243B19 /* Background13@2x.png in Resources */ = {isa = PBXBuildFile; fileRef = E4F72AE4209835C000243B19 /* Background13@2x.png */; };
		E4F72B0F209835C000243B19 /* Background01@2x.png in Resources */ = {isa = PBXBuildFile; fileRef = E4F72AE5209835C000243B19 /* Background01@2x.png */; };
		E4F72B11209835CE00243B19 /* Level01.plist in Resources */ = {isa = PBXBuildFile; fileRef = E4F72B10209835CE00243B19 /* Level01.plist */; };
		E4F72B13209835F900243B19 /* GameElements.swift in Sources */ = {isa = PBXBuildFile; fileRef = E4F72B12209835F900243B19 /* GameElements.swift */; };
		E4F72B1520983ACC00243B19 /* GenericNode.swift in Sources */ = {isa = PBXBuildFile; fileRef = E4F72B1420983ACC00243B19 /* GenericNode.swift */; };
		E4F72B1720984A3C00243B19 /* PlatformNode.swift in Sources */ = {isa = PBXBuildFile; fileRef = E4F72B1620984A3C00243B19 /* PlatformNode.swift */; };
		E4F72B1920984CD600243B19 /* FlowerNode.swift in Sources */ = {isa = PBXBuildFile; fileRef = E4F72B1820984CD600243B19 /* FlowerNode.swift */; };
		E4F72B1B209A2C7200243B19 /* GameHandler.swift in Sources */ = {isa = PBXBuildFile; fileRef = E4F72B1A209A2C7200243B19 /* GameHandler.swift */; };
/* End PBXBuildFile section */

/* Begin PBXContainerItemProxy section */
		E4F72A9F2098331200243B19 /* PBXContainerItemProxy */ = {
			isa = PBXContainerItemProxy;
			containerPortal = E4F72A7C2098331200243B19 /* Project object */;
			proxyType = 1;
			remoteGlobalIDString = E4F72A832098331200243B19;
			remoteInfo = SwiftJump;
		};
		E4F72AAA2098331200243B19 /* PBXContainerItemProxy */ = {
			isa = PBXContainerItemProxy;
			containerPortal = E4F72A7C2098331200243B19 /* Project object */;
			proxyType = 1;
			remoteGlobalIDString = E4F72A832098331200243B19;
			remoteInfo = SwiftJump;
		};
/* End PBXContainerItemProxy section */

/* Begin PBXFileReference section */
		E4F72A842098331200243B19 /* SwiftJump.app */ = {isa = PBXFileReference; explicitFileType = wrapper.application; includeInIndex = 0; path = SwiftJump.app; sourceTree = BUILT_PRODUCTS_DIR; };
		E4F72A872098331200243B19 /* AppDelegate.swift */ = {isa = PBXFileReference; lastKnownFileType = sourcecode.swift; path = AppDelegate.swift; sourceTree = "<group>"; };
		E4F72A8B2098331200243B19 /* Actions.sks */ = {isa = PBXFileReference; lastKnownFileType = file.sks; path = Actions.sks; sourceTree = "<group>"; };
		E4F72A8D2098331200243B19 /* GameScene.swift */ = {isa = PBXFileReference; lastKnownFileType = sourcecode.swift; path = GameScene.swift; sourceTree = "<group>"; };
		E4F72A8F2098331200243B19 /* GameViewController.swift */ = {isa = PBXFileReference; lastKnownFileType = sourcecode.swift; path = GameViewController.swift; sourceTree = "<group>"; };
		E4F72A922098331200243B19 /* Base */ = {isa = PBXFileReference; lastKnownFileType = file.storyboard; name = Base; path = Base.lproj/Main.storyboard; sourceTree = "<group>"; };
		E4F72A942098331200243B19 /* Assets.xcassets */ = {isa = PBXFileReference; lastKnownFileType = folder.assetcatalog; path = Assets.xcassets; sourceTree = "<group>"; };
		E4F72A972098331200243B19 /* Base */ = {isa = PBXFileReference; lastKnownFileType = file.storyboard; name = Base; path = Base.lproj/LaunchScreen.storyboard; sourceTree = "<group>"; };
		E4F72A992098331200243B19 /* Info.plist */ = {isa = PBXFileReference; lastKnownFileType = text.plist.xml; path = Info.plist; sourceTree = "<group>"; };
		E4F72A9E2098331200243B19 /* SwiftJumpTests.xctest */ = {isa = PBXFileReference; explicitFileType = wrapper.cfbundle; includeInIndex = 0; path = SwiftJumpTests.xctest; sourceTree = BUILT_PRODUCTS_DIR; };
		E4F72AA22098331200243B19 /* SwiftJumpTests.swift */ = {isa = PBXFileReference; lastKnownFileType = sourcecode.swift; path = SwiftJumpTests.swift; sourceTree = "<group>"; };
		E4F72AA42098331200243B19 /* Info.plist */ = {isa = PBXFileReference; lastKnownFileType = text.plist.xml; path = Info.plist; sourceTree = "<group>"; };
		E4F72AA92098331200243B19 /* SwiftJumpUITests.xctest */ = {isa = PBXFileReference; explicitFileType = wrapper.cfbundle; includeInIndex = 0; path = SwiftJumpUITests.xctest; sourceTree = BUILT_PRODUCTS_DIR; };
		E4F72AAD2098331200243B19 /* SwiftJumpUITests.swift */ = {isa = PBXFileReference; lastKnownFileType = sourcecode.swift; path = SwiftJumpUITests.swift; sourceTree = "<group>"; };
		E4F72AAF2098331200243B19 /* Info.plist */ = {isa = PBXFileReference; lastKnownFileType = text.plist.xml; path = Info.plist; sourceTree = "<group>"; };
		E4F72ABC209835C000243B19 /* Background04@2x.png */ = {isa = PBXFileReference; lastKnownFileType = image.png; path = "Background04@2x.png"; sourceTree = "<group>"; };
		E4F72ABD209835C000243B19 /* Background08@2x.png */ = {isa = PBXFileReference; lastKnownFileType = image.png; path = "Background08@2x.png"; sourceTree = "<group>"; };
		E4F72ABE209835C000243B19 /* Background16@2x.png */ = {isa = PBXFileReference; lastKnownFileType = image.png; path = "Background16@2x.png"; sourceTree = "<group>"; };
		E4F72ABF209835C000243B19 /* Background20@2x.png */ = {isa = PBXFileReference; lastKnownFileType = image.png; path = "Background20@2x.png"; sourceTree = "<group>"; };
		E4F72AC0209835C000243B19 /* Background14@2x.png */ = {isa = PBXFileReference; lastKnownFileType = image.png; path = "Background14@2x.png"; sourceTree = "<group>"; };
		E4F72AC1209835C000243B19 /* Background06@2x.png */ = {isa = PBXFileReference; lastKnownFileType = image.png; path = "Background06@2x.png"; sourceTree = "<group>"; };
		E4F72AC2209835C000243B19 /* Background18@2x.png */ = {isa = PBXFileReference; lastKnownFileType = image.png; path = "Background18@2x.png"; sourceTree = "<group>"; };
		E4F72AC3209835C000243B19 /* Background04.png */ = {isa = PBXFileReference; lastKnownFileType = image.png; path = Background04.png; sourceTree = "<group>"; };
		E4F72AC4209835C000243B19 /* Background10.png */ = {isa = PBXFileReference; lastKnownFileType = image.png; path = Background10.png; sourceTree = "<group>"; };
		E4F72AC5209835C000243B19 /* Background02@2x.png */ = {isa = PBXFileReference; lastKnownFileType = image.png; path = "Background02@2x.png"; sourceTree = "<group>"; };
		E4F72AC6209835C000243B19 /* Background11.png */ = {isa = PBXFileReference; lastKnownFileType = image.png; path = Background11.png; sourceTree = "<group>"; };
		E4F72AC7209835C000243B19 /* Background05.png */ = {isa = PBXFileReference; lastKnownFileType = image.png; path = Background05.png; sourceTree = "<group>"; };
		E4F72AC8209835C000243B19 /* Background10@2x.png */ = {isa = PBXFileReference; lastKnownFileType = image.png; path = "Background10@2x.png"; sourceTree = "<group>"; };
		E4F72AC9209835C000243B19 /* Background13.png */ = {isa = PBXFileReference; lastKnownFileType = image.png; path = Background13.png; sourceTree = "<group>"; };
		E4F72ACA209835C000243B19 /* Background07.png */ = {isa = PBXFileReference; lastKnownFileType = image.png; path = Background07.png; sourceTree = "<group>"; };
		E4F72ACB209835C000243B19 /* Background06.png */ = {isa = PBXFileReference; lastKnownFileType = image.png; path = Background06.png; sourceTree = "<group>"; };
		E4F72ACC209835C000243B19 /* Background12.png */ = {isa = PBXFileReference; lastKnownFileType = image.png; path = Background12.png; sourceTree = "<group>"; };
		E4F72ACD209835C000243B19 /* Background16.png */ = {isa = PBXFileReference; lastKnownFileType = image.png; path = Background16.png; sourceTree = "<group>"; };
		E4F72ACE209835C000243B19 /* Background02.png */ = {isa = PBXFileReference; lastKnownFileType = image.png; path = Background02.png; sourceTree = "<group>"; };
		E4F72ACF209835C000243B19 /* Background03.png */ = {isa = PBXFileReference; lastKnownFileType = image.png; path = Background03.png; sourceTree = "<group>"; };
		E4F72AD0209835C000243B19 /* Background17.png */ = {isa = PBXFileReference; lastKnownFileType = image.png; path = Background17.png; sourceTree = "<group>"; };
		E4F72AD1209835C000243B19 /* Background01.png */ = {isa = PBXFileReference; lastKnownFileType = image.png; path = Background01.png; sourceTree = "<group>"; };
		E4F72AD2209835C000243B19 /* Background15.png */ = {isa = PBXFileReference; lastKnownFileType = image.png; path = Background15.png; sourceTree = "<group>"; };
		E4F72AD3209835C000243B19 /* Background14.png */ = {isa = PBXFileReference; lastKnownFileType = image.png; path = Background14.png; sourceTree = "<group>"; };
		E4F72AD4209835C000243B19 /* Background12@2x.png */ = {isa = PBXFileReference; lastKnownFileType = image.png; path = "Background12@2x.png"; sourceTree = "<group>"; };
		E4F72AD5209835C000243B19 /* Background.png */ = {isa = PBXFileReference; lastKnownFileType = image.png; path = Background.png; sourceTree = "<group>"; };
		E4F72AD6209835C000243B19 /* Background19.png */ = {isa = PBXFileReference; lastKnownFileType = image.png; path = Background19.png; sourceTree = "<group>"; };
		E4F72AD7209835C000243B19 /* Background05@2x.png */ = {isa = PBXFileReference; lastKnownFileType = image.png; path = "Background05@2x.png"; sourceTree = "<group>"; };
		E4F72AD8209835C000243B19 /* Background18.png */ = {isa = PBXFileReference; lastKnownFileType = image.png; path = Background18.png; sourceTree = "<group>"; };
		E4F72AD9209835C000243B19 /* Background17@2x.png */ = {isa = PBXFileReference; lastKnownFileType = image.png; path = "Background17@2x.png"; sourceTree = "<group>"; };
		E4F72ADA209835C000243B19 /* Background09@2x.png */ = {isa = PBXFileReference; lastKnownFileType = image.png; path = "Background09@2x.png"; sourceTree = "<group>"; };
		E4F72ADB209835C000243B19 /* Background20.png */ = {isa = PBXFileReference; lastKnownFileType = image.png; path = Background20.png; sourceTree = "<group>"; };
		E4F72ADC209835C000243B19 /* Background08.png */ = {isa = PBXFileReference; lastKnownFileType = image.png; path = Background08.png; sourceTree = "<group>"; };
		E4F72ADD209835C000243B19 /* Background09.png */ = {isa = PBXFileReference; lastKnownFileType = image.png; path = Background09.png; sourceTree = "<group>"; };
		E4F72ADE209835C000243B19 /* Background15@2x.png */ = {isa = PBXFileReference; lastKnownFileType = image.png; path = "Background15@2x.png"; sourceTree = "<group>"; };
		E4F72ADF209835C000243B19 /* Background19@2x.png */ = {isa = PBXFileReference; lastKnownFileType = image.png; path = "Background19@2x.png"; sourceTree = "<group>"; };
		E4F72AE0209835C000243B19 /* Background07@2x.png */ = {isa = PBXFileReference; lastKnownFileType = image.png; path = "Background07@2x.png"; sourceTree = "<group>"; };
		E4F72AE1209835C000243B19 /* Background@2x.png */ = {isa = PBXFileReference; lastKnownFileType = image.png; path = "Background@2x.png"; sourceTree = "<group>"; };
		E4F72AE2209835C000243B19 /* Background03@2x.png */ = {isa = PBXFileReference; lastKnownFileType = image.png; path = "Background03@2x.png"; sourceTree = "<group>"; };
		E4F72AE3209835C000243B19 /* Background11@2x.png */ = {isa = PBXFileReference; lastKnownFileType = image.png; path = "Background11@2x.png"; sourceTree = "<group>"; };
		E4F72AE4209835C000243B19 /* Background13@2x.png */ = {isa = PBXFileReference; lastKnownFileType = image.png; path = "Background13@2x.png"; sourceTree = "<group>"; };
		E4F72AE5209835C000243B19 /* Background01@2x.png */ = {isa = PBXFileReference; lastKnownFileType = image.png; path = "Background01@2x.png"; sourceTree = "<group>"; };
		E4F72B10209835CE00243B19 /* Level01.plist */ = {isa = PBXFileReference; fileEncoding = 4; lastKnownFileType = text.plist.xml; path = Level01.plist; sourceTree = "<group>"; };
		E4F72B12209835F900243B19 /* GameElements.swift */ = {isa = PBXFileReference; lastKnownFileType = sourcecode.swift; path = GameElements.swift; sourceTree = "<group>"; };
		E4F72B1420983ACC00243B19 /* GenericNode.swift */ = {isa = PBXFileReference; lastKnownFileType = sourcecode.swift; path = GenericNode.swift; sourceTree = "<group>"; };
		E4F72B1620984A3C00243B19 /* PlatformNode.swift */ = {isa = PBXFileReference; lastKnownFileType = sourcecode.swift; path = PlatformNode.swift; sourceTree = "<group>"; };
		E4F72B1820984CD600243B19 /* FlowerNode.swift */ = {isa = PBXFileReference; lastKnownFileType = sourcecode.swift; path = FlowerNode.swift; sourceTree = "<group>"; };
		E4F72B1A209A2C7200243B19 /* GameHandler.swift */ = {isa = PBXFileReference; lastKnownFileType = sourcecode.swift; path = GameHandler.swift; sourceTree = "<group>"; };
/* End PBXFileReference section */

/* Begin PBXFrameworksBuildPhase section */
		E4F72A812098331200243B19 /* Frameworks */ = {
			isa = PBXFrameworksBuildPhase;
			buildActionMask = 2147483647;
			files = (
			);
			runOnlyForDeploymentPostprocessing = 0;
		};
		E4F72A9B2098331200243B19 /* Frameworks */ = {
			isa = PBXFrameworksBuildPhase;
			buildActionMask = 2147483647;
			files = (
			);
			runOnlyForDeploymentPostprocessing = 0;
		};
		E4F72AA62098331200243B19 /* Frameworks */ = {
			isa = PBXFrameworksBuildPhase;
			buildActionMask = 2147483647;
			files = (
			);
			runOnlyForDeploymentPostprocessing = 0;
		};
/* End PBXFrameworksBuildPhase section */

/* Begin PBXGroup section */
		E4F72A7B2098331200243B19 = {
			isa = PBXGroup;
			children = (
				E4F72A862098331200243B19 /* SwiftJump */,
				E4F72AA12098331200243B19 /* SwiftJumpTests */,
				E4F72AAC2098331200243B19 /* SwiftJumpUITests */,
				E4F72A852098331200243B19 /* Products */,
			);
			sourceTree = "<group>";
		};
		E4F72A852098331200243B19 /* Products */ = {
			isa = PBXGroup;
			children = (
				E4F72A842098331200243B19 /* SwiftJump.app */,
				E4F72A9E2098331200243B19 /* SwiftJumpTests.xctest */,
				E4F72AA92098331200243B19 /* SwiftJumpUITests.xctest */,
			);
			name = Products;
			sourceTree = "<group>";
		};
		E4F72A862098331200243B19 /* SwiftJump */ = {
			isa = PBXGroup;
			children = (
				E4F72ABB209835C000243B19 /* Backgrounds */,
				E4F72A872098331200243B19 /* AppDelegate.swift */,
				E4F72A8B2098331200243B19 /* Actions.sks */,
				E4F72A8D2098331200243B19 /* GameScene.swift */,
				E4F72B1820984CD600243B19 /* FlowerNode.swift */,
				E4F72B12209835F900243B19 /* GameElements.swift */,
				E4F72B1420983ACC00243B19 /* GenericNode.swift */,
				E4F72B1620984A3C00243B19 /* PlatformNode.swift */,
				E4F72A8F2098331200243B19 /* GameViewController.swift */,
				E4F72B1A209A2C7200243B19 /* GameHandler.swift */,
				E4F72A912098331200243B19 /* Main.storyboard */,
				E4F72A942098331200243B19 /* Assets.xcassets */,
				E4F72A962098331200243B19 /* LaunchScreen.storyboard */,
				E4F72A992098331200243B19 /* Info.plist */,
				E4F72B10209835CE00243B19 /* Level01.plist */,
			);
			path = SwiftJump;
			sourceTree = "<group>";
		};
		E4F72AA12098331200243B19 /* SwiftJumpTests */ = {
			isa = PBXGroup;
			children = (
				E4F72AA22098331200243B19 /* SwiftJumpTests.swift */,
				E4F72AA42098331200243B19 /* Info.plist */,
			);
			path = SwiftJumpTests;
			sourceTree = "<group>";
		};
		E4F72AAC2098331200243B19 /* SwiftJumpUITests */ = {
			isa = PBXGroup;
			children = (
				E4F72AAD2098331200243B19 /* SwiftJumpUITests.swift */,
				E4F72AAF2098331200243B19 /* Info.plist */,
			);
			path = SwiftJumpUITests;
			sourceTree = "<group>";
		};
		E4F72ABB209835C000243B19 /* Backgrounds */ = {
			isa = PBXGroup;
			children = (
				E4F72ABC209835C000243B19 /* Background04@2x.png */,
				E4F72ABD209835C000243B19 /* Background08@2x.png */,
				E4F72ABE209835C000243B19 /* Background16@2x.png */,
				E4F72ABF209835C000243B19 /* Background20@2x.png */,
				E4F72AC0209835C000243B19 /* Background14@2x.png */,
				E4F72AC1209835C000243B19 /* Background06@2x.png */,
				E4F72AC2209835C000243B19 /* Background18@2x.png */,
				E4F72AC3209835C000243B19 /* Background04.png */,
				E4F72AC4209835C000243B19 /* Background10.png */,
				E4F72AC5209835C000243B19 /* Background02@2x.png */,
				E4F72AC6209835C000243B19 /* Background11.png */,
				E4F72AC7209835C000243B19 /* Background05.png */,
				E4F72AC8209835C000243B19 /* Background10@2x.png */,
				E4F72AC9209835C000243B19 /* Background13.png */,
				E4F72ACA209835C000243B19 /* Background07.png */,
				E4F72ACB209835C000243B19 /* Background06.png */,
				E4F72ACC209835C000243B19 /* Background12.png */,
				E4F72ACD209835C000243B19 /* Background16.png */,
				E4F72ACE209835C000243B19 /* Background02.png */,
				E4F72ACF209835C000243B19 /* Background03.png */,
				E4F72AD0209835C000243B19 /* Background17.png */,
				E4F72AD1209835C000243B19 /* Background01.png */,
				E4F72AD2209835C000243B19 /* Background15.png */,
				E4F72AD3209835C000243B19 /* Background14.png */,
				E4F72AD4209835C000243B19 /* Background12@2x.png */,
				E4F72AD5209835C000243B19 /* Background.png */,
				E4F72AD6209835C000243B19 /* Background19.png */,
				E4F72AD7209835C000243B19 /* Background05@2x.png */,
				E4F72AD8209835C000243B19 /* Background18.png */,
				E4F72AD9209835C000243B19 /* Background17@2x.png */,
				E4F72ADA209835C000243B19 /* Background09@2x.png */,
				E4F72ADB209835C000243B19 /* Background20.png */,
				E4F72ADC209835C000243B19 /* Background08.png */,
				E4F72ADD209835C000243B19 /* Background09.png */,
				E4F72ADE209835C000243B19 /* Background15@2x.png */,
				E4F72ADF209835C000243B19 /* Background19@2x.png */,
				E4F72AE0209835C000243B19 /* Background07@2x.png */,
				E4F72AE1209835C000243B19 /* Background@2x.png */,
				E4F72AE2209835C000243B19 /* Background03@2x.png */,
				E4F72AE3209835C000243B19 /* Background11@2x.png */,
				E4F72AE4209835C000243B19 /* Background13@2x.png */,
				E4F72AE5209835C000243B19 /* Background01@2x.png */,
			);
			path = Backgrounds;
			sourceTree = "<group>";
		};
/* End PBXGroup section */

/* Begin PBXNativeTarget section */
		E4F72A832098331200243B19 /* SwiftJump */ = {
			isa = PBXNativeTarget;
			buildConfigurationList = E4F72AB22098331200243B19 /* Build configuration list for PBXNativeTarget "SwiftJump" */;
			buildPhases = (
				E4F72A802098331200243B19 /* Sources */,
				E4F72A812098331200243B19 /* Frameworks */,
				E4F72A822098331200243B19 /* Resources */,
			);
			buildRules = (
			);
			dependencies = (
			);
			name = SwiftJump;
			productName = SwiftJump;
			productReference = E4F72A842098331200243B19 /* SwiftJump.app */;
			productType = "com.apple.product-type.application";
		};
		E4F72A9D2098331200243B19 /* SwiftJumpTests */ = {
			isa = PBXNativeTarget;
			buildConfigurationList = E4F72AB52098331200243B19 /* Build configuration list for PBXNativeTarget "SwiftJumpTests" */;
			buildPhases = (
				E4F72A9A2098331200243B19 /* Sources */,
				E4F72A9B2098331200243B19 /* Frameworks */,
				E4F72A9C2098331200243B19 /* Resources */,
			);
			buildRules = (
			);
			dependencies = (
				E4F72AA02098331200243B19 /* PBXTargetDependency */,
			);
			name = SwiftJumpTests;
			productName = SwiftJumpTests;
			productReference = E4F72A9E2098331200243B19 /* SwiftJumpTests.xctest */;
			productType = "com.apple.product-type.bundle.unit-test";
		};
		E4F72AA82098331200243B19 /* SwiftJumpUITests */ = {
			isa = PBXNativeTarget;
			buildConfigurationList = E4F72AB82098331200243B19 /* Build configuration list for PBXNativeTarget "SwiftJumpUITests" */;
			buildPhases = (
				E4F72AA52098331200243B19 /* Sources */,
				E4F72AA62098331200243B19 /* Frameworks */,
				E4F72AA72098331200243B19 /* Resources */,
			);
			buildRules = (
			);
			dependencies = (
				E4F72AAB2098331200243B19 /* PBXTargetDependency */,
			);
			name = SwiftJumpUITests;
			productName = SwiftJumpUITests;
			productReference = E4F72AA92098331200243B19 /* SwiftJumpUITests.xctest */;
			productType = "com.apple.product-type.bundle.ui-testing";
		};
/* End PBXNativeTarget section */

/* Begin PBXProject section */
		E4F72A7C2098331200243B19 /* Project object */ = {
			isa = PBXProject;
			attributes = {
				LastSwiftUpdateCheck = 0920;
				LastUpgradeCheck = 0920;
				ORGANIZATIONNAME = "Theo Shiao";
				TargetAttributes = {
					E4F72A832098331200243B19 = {
						CreatedOnToolsVersion = 9.2;
						ProvisioningStyle = Automatic;
					};
					E4F72A9D2098331200243B19 = {
						CreatedOnToolsVersion = 9.2;
						ProvisioningStyle = Automatic;
						TestTargetID = E4F72A832098331200243B19;
					};
					E4F72AA82098331200243B19 = {
						CreatedOnToolsVersion = 9.2;
						ProvisioningStyle = Automatic;
						TestTargetID = E4F72A832098331200243B19;
					};
				};
			};
			buildConfigurationList = E4F72A7F2098331200243B19 /* Build configuration list for PBXProject "SwiftJump" */;
			compatibilityVersion = "Xcode 8.0";
			developmentRegion = en;
			hasScannedForEncodings = 0;
			knownRegions = (
				en,
				Base,
			);
			mainGroup = E4F72A7B2098331200243B19;
			productRefGroup = E4F72A852098331200243B19 /* Products */;
			projectDirPath = "";
			projectRoot = "";
			targets = (
				E4F72A832098331200243B19 /* SwiftJump */,
				E4F72A9D2098331200243B19 /* SwiftJumpTests */,
				E4F72AA82098331200243B19 /* SwiftJumpUITests */,
			);
		};
/* End PBXProject section */

/* Begin PBXResourcesBuildPhase section */
		E4F72A822098331200243B19 /* Resources */ = {
			isa = PBXResourcesBuildPhase;
			buildActionMask = 2147483647;
			files = (
				E4F72AFC209835C000243B19 /* Background15.png in Resources */,
				E4F72A932098331200243B19 /* Main.storyboard in Resources */,
				E4F72B0D209835C000243B19 /* Background11@2x.png in Resources */,
				E4F72AE6209835C000243B19 /* Background04@2x.png in Resources */,
				E4F72AE9209835C000243B19 /* Background20@2x.png in Resources */,
				E4F72AF0209835C000243B19 /* Background11.png in Resources */,
				E4F72AF7209835C000243B19 /* Background16.png in Resources */,
				E4F72B02209835C000243B19 /* Background18.png in Resources */,
				E4F72AED209835C000243B19 /* Background04.png in Resources */,
				E4F72AF9209835C000243B19 /* Background03.png in Resources */,
				E4F72B05209835C000243B19 /* Background20.png in Resources */,
				E4F72AFD209835C000243B19 /* Background14.png in Resources */,
				E4F72AE7209835C000243B19 /* Background08@2x.png in Resources */,
				E4F72AF8209835C000243B19 /* Background02.png in Resources */,
				E4F72B0A209835C000243B19 /* Background07@2x.png in Resources */,
				E4F72AF6209835C000243B19 /* Background12.png in Resources */,
				E4F72A952098331200243B19 /* Assets.xcassets in Resources */,
				E4F72AEC209835C000243B19 /* Background18@2x.png in Resources */,
				E4F72B07209835C000243B19 /* Background09.png in Resources */,
				E4F72AF2209835C000243B19 /* Background10@2x.png in Resources */,
				E4F72B00209835C000243B19 /* Background19.png in Resources */,
				E4F72AFA209835C000243B19 /* Background17.png in Resources */,
				E4F72B04209835C000243B19 /* Background09@2x.png in Resources */,
				E4F72AF3209835C000243B19 /* Background13.png in Resources */,
				E4F72AF1209835C000243B19 /* Background05.png in Resources */,
				E4F72B06209835C000243B19 /* Background08.png in Resources */,
				E4F72AFB209835C000243B19 /* Background01.png in Resources */,
				E4F72A982098331200243B19 /* LaunchScreen.storyboard in Resources */,
				E4F72B01209835C000243B19 /* Background05@2x.png in Resources */,
				E4F72AEE209835C000243B19 /* Background10.png in Resources */,
				E4F72AF5209835C000243B19 /* Background06.png in Resources */,
				E4F72AEB209835C000243B19 /* Background06@2x.png in Resources */,
				E4F72AFE209835C000243B19 /* Background12@2x.png in Resources */,
				E4F72B08209835C000243B19 /* Background15@2x.png in Resources */,
				E4F72B0C209835C000243B19 /* Background03@2x.png in Resources */,
				E4F72AEA209835C000243B19 /* Background14@2x.png in Resources */,
				E4F72A8C2098331200243B19 /* Actions.sks in Resources */,
				E4F72B09209835C000243B19 /* Background19@2x.png in Resources */,
				E4F72B0B209835C000243B19 /* Background@2x.png in Resources */,
				E4F72B0E209835C000243B19 /* Background13@2x.png in Resources */,
				E4F72B11209835CE00243B19 /* Level01.plist in Resources */,
				E4F72AF4209835C000243B19 /* Background07.png in Resources */,
				E4F72B03209835C000243B19 /* Background17@2x.png in Resources */,
				E4F72AFF209835C000243B19 /* Background.png in Resources */,
				E4F72B0F209835C000243B19 /* Background01@2x.png in Resources */,
				E4F72AEF209835C000243B19 /* Background02@2x.png in Resources */,
				E4F72AE8209835C000243B19 /* Background16@2x.png in Resources */,
			);
			runOnlyForDeploymentPostprocessing = 0;
		};
		E4F72A9C2098331200243B19 /* Resources */ = {
			isa = PBXResourcesBuildPhase;
			buildActionMask = 2147483647;
			files = (
			);
			runOnlyForDeploymentPostprocessing = 0;
		};
		E4F72AA72098331200243B19 /* Resources */ = {
			isa = PBXResourcesBuildPhase;
			buildActionMask = 2147483647;
			files = (
			);
			runOnlyForDeploymentPostprocessing = 0;
		};
/* End PBXResourcesBuildPhase section */

/* Begin PBXSourcesBuildPhase section */
		E4F72A802098331200243B19 /* Sources */ = {
			isa = PBXSourcesBuildPhase;
			buildActionMask = 2147483647;
			files = (
				E4F72B13209835F900243B19 /* GameElements.swift in Sources */,
				E4F72A8E2098331200243B19 /* GameScene.swift in Sources */,
				E4F72A902098331200243B19 /* GameViewController.swift in Sources */,
				E4F72B1520983ACC00243B19 /* GenericNode.swift in Sources */,
				E4F72B1B209A2C7200243B19 /* GameHandler.swift in Sources */,
				E4F72B1720984A3C00243B19 /* PlatformNode.swift in Sources */,
				E4F72B1920984CD600243B19 /* FlowerNode.swift in Sources */,
				E4F72A882098331200243B19 /* AppDelegate.swift in Sources */,
			);
			runOnlyForDeploymentPostprocessing = 0;
		};
		E4F72A9A2098331200243B19 /* Sources */ = {
			isa = PBXSourcesBuildPhase;
			buildActionMask = 2147483647;
			files = (
				E4F72AA32098331200243B19 /* SwiftJumpTests.swift in Sources */,
			);
			runOnlyForDeploymentPostprocessing = 0;
		};
		E4F72AA52098331200243B19 /* Sources */ = {
			isa = PBXSourcesBuildPhase;
			buildActionMask = 2147483647;
			files = (
				E4F72AAE2098331200243B19 /* SwiftJumpUITests.swift in Sources */,
			);
			runOnlyForDeploymentPostprocessing = 0;
		};
/* End PBXSourcesBuildPhase section */

/* Begin PBXTargetDependency section */
		E4F72AA02098331200243B19 /* PBXTargetDependency */ = {
			isa = PBXTargetDependency;
			target = E4F72A832098331200243B19 /* SwiftJump */;
			targetProxy = E4F72A9F2098331200243B19 /* PBXContainerItemProxy */;
		};
		E4F72AAB2098331200243B19 /* PBXTargetDependency */ = {
			isa = PBXTargetDependency;
			target = E4F72A832098331200243B19 /* SwiftJump */;
			targetProxy = E4F72AAA2098331200243B19 /* PBXContainerItemProxy */;
		};
/* End PBXTargetDependency section */

/* Begin PBXVariantGroup section */
		E4F72A912098331200243B19 /* Main.storyboard */ = {
			isa = PBXVariantGroup;
			children = (
				E4F72A922098331200243B19 /* Base */,
			);
			name = Main.storyboard;
			sourceTree = "<group>";
		};
		E4F72A962098331200243B19 /* LaunchScreen.storyboard */ = {
			isa = PBXVariantGroup;
			children = (
				E4F72A972098331200243B19 /* Base */,
			);
			name = LaunchScreen.storyboard;
			sourceTree = "<group>";
		};
/* End PBXVariantGroup section */

/* Begin XCBuildConfiguration section */
		E4F72AB02098331200243B19 /* Debug */ = {
			isa = XCBuildConfiguration;
			buildSettings = {
				ALWAYS_SEARCH_USER_PATHS = NO;
				CLANG_ANALYZER_NONNULL = YES;
				CLANG_ANALYZER_NUMBER_OBJECT_CONVERSION = YES_AGGRESSIVE;
				CLANG_CXX_LANGUAGE_STANDARD = "gnu++14";
				CLANG_CXX_LIBRARY = "libc++";
				CLANG_ENABLE_MODULES = YES;
				CLANG_ENABLE_OBJC_ARC = YES;
				CLANG_WARN_BLOCK_CAPTURE_AUTORELEASING = YES;
				CLANG_WARN_BOOL_CONVERSION = YES;
				CLANG_WARN_COMMA = YES;
				CLANG_WARN_CONSTANT_CONVERSION = YES;
				CLANG_WARN_DIRECT_OBJC_ISA_USAGE = YES_ERROR;
				CLANG_WARN_DOCUMENTATION_COMMENTS = YES;
				CLANG_WARN_EMPTY_BODY = YES;
				CLANG_WARN_ENUM_CONVERSION = YES;
				CLANG_WARN_INFINITE_RECURSION = YES;
				CLANG_WARN_INT_CONVERSION = YES;
				CLANG_WARN_NON_LITERAL_NULL_CONVERSION = YES;
				CLANG_WARN_OBJC_LITERAL_CONVERSION = YES;
				CLANG_WARN_OBJC_ROOT_CLASS = YES_ERROR;
				CLANG_WARN_RANGE_LOOP_ANALYSIS = YES;
				CLANG_WARN_STRICT_PROTOTYPES = YES;
				CLANG_WARN_SUSPICIOUS_MOVE = YES;
				CLANG_WARN_UNGUARDED_AVAILABILITY = YES_AGGRESSIVE;
				CLANG_WARN_UNREACHABLE_CODE = YES;
				CLANG_WARN__DUPLICATE_METHOD_MATCH = YES;
				CODE_SIGN_IDENTITY = "iPhone Developer";
				COPY_PHASE_STRIP = NO;
				DEBUG_INFORMATION_FORMAT = dwarf;
				ENABLE_STRICT_OBJC_MSGSEND = YES;
				ENABLE_TESTABILITY = YES;
				GCC_C_LANGUAGE_STANDARD = gnu11;
				GCC_DYNAMIC_NO_PIC = NO;
				GCC_NO_COMMON_BLOCKS = YES;
				GCC_OPTIMIZATION_LEVEL = 0;
				GCC_PREPROCESSOR_DEFINITIONS = (
					"DEBUG=1",
					"$(inherited)",
				);
				GCC_WARN_64_TO_32_BIT_CONVERSION = YES;
				GCC_WARN_ABOUT_RETURN_TYPE = YES_ERROR;
				GCC_WARN_UNDECLARED_SELECTOR = YES;
				GCC_WARN_UNINITIALIZED_AUTOS = YES_AGGRESSIVE;
				GCC_WARN_UNUSED_FUNCTION = YES;
				GCC_WARN_UNUSED_VARIABLE = YES;
				IPHONEOS_DEPLOYMENT_TARGET = 11.2;
				MTL_ENABLE_DEBUG_INFO = YES;
				ONLY_ACTIVE_ARCH = YES;
				SDKROOT = iphoneos;
				SWIFT_ACTIVE_COMPILATION_CONDITIONS = DEBUG;
				SWIFT_OPTIMIZATION_LEVEL = "-Onone";
			};
			name = Debug;
		};
		E4F72AB12098331200243B19 /* Release */ = {
			isa = XCBuildConfiguration;
			buildSettings = {
				ALWAYS_SEARCH_USER_PATHS = NO;
				CLANG_ANALYZER_NONNULL = YES;
				CLANG_ANALYZER_NUMBER_OBJECT_CONVERSION = YES_AGGRESSIVE;
				CLANG_CXX_LANGUAGE_STANDARD = "gnu++14";
				CLANG_CXX_LIBRARY = "libc++";
				CLANG_ENABLE_MODULES = YES;
				CLANG_ENABLE_OBJC_ARC = YES;
				CLANG_WARN_BLOCK_CAPTURE_AUTORELEASING = YES;
				CLANG_WARN_BOOL_CONVERSION = YES;
				CLANG_WARN_COMMA = YES;
				CLANG_WARN_CONSTANT_CONVERSION = YES;
				CLANG_WARN_DIRECT_OBJC_ISA_USAGE = YES_ERROR;
				CLANG_WARN_DOCUMENTATION_COMMENTS = YES;
				CLANG_WARN_EMPTY_BODY = YES;
				CLANG_WARN_ENUM_CONVERSION = YES;
				CLANG_WARN_INFINITE_RECURSION = YES;
				CLANG_WARN_INT_CONVERSION = YES;
				CLANG_WARN_NON_LITERAL_NULL_CONVERSION = YES;
				CLANG_WARN_OBJC_LITERAL_CONVERSION = YES;
				CLANG_WARN_OBJC_ROOT_CLASS = YES_ERROR;
				CLANG_WARN_RANGE_LOOP_ANALYSIS = YES;
				CLANG_WARN_STRICT_PROTOTYPES = YES;
				CLANG_WARN_SUSPICIOUS_MOVE = YES;
				CLANG_WARN_UNGUARDED_AVAILABILITY = YES_AGGRESSIVE;
				CLANG_WARN_UNREACHABLE_CODE = YES;
				CLANG_WARN__DUPLICATE_METHOD_MATCH = YES;
				CODE_SIGN_IDENTITY = "iPhone Developer";
				COPY_PHASE_STRIP = NO;
				DEBUG_INFORMATION_FORMAT = "dwarf-with-dsym";
				ENABLE_NS_ASSERTIONS = NO;
				ENABLE_STRICT_OBJC_MSGSEND = YES;
				GCC_C_LANGUAGE_STANDARD = gnu11;
				GCC_NO_COMMON_BLOCKS = YES;
				GCC_WARN_64_TO_32_BIT_CONVERSION = YES;
				GCC_WARN_ABOUT_RETURN_TYPE = YES_ERROR;
				GCC_WARN_UNDECLARED_SELECTOR = YES;
				GCC_WARN_UNINITIALIZED_AUTOS = YES_AGGRESSIVE;
				GCC_WARN_UNUSED_FUNCTION = YES;
				GCC_WARN_UNUSED_VARIABLE = YES;
				IPHONEOS_DEPLOYMENT_TARGET = 11.2;
				MTL_ENABLE_DEBUG_INFO = NO;
				SDKROOT = iphoneos;
				SWIFT_OPTIMIZATION_LEVEL = "-Owholemodule";
				VALIDATE_PRODUCT = YES;
			};
			name = Release;
		};
		E4F72AB32098331200243B19 /* Debug */ = {
			isa = XCBuildConfiguration;
			buildSettings = {
				ASSETCATALOG_COMPILER_APPICON_NAME = AppIcon;
				CODE_SIGN_STYLE = Automatic;
				INFOPLIST_FILE = SwiftJump/Info.plist;
				LD_RUNPATH_SEARCH_PATHS = "$(inherited) @executable_path/Frameworks";
				PRODUCT_BUNDLE_IDENTIFIER = theos.SwiftJump;
				PRODUCT_NAME = "$(TARGET_NAME)";
				SWIFT_VERSION = 4.0;
				TARGETED_DEVICE_FAMILY = "1,2";
			};
			name = Debug;
		};
		E4F72AB42098331200243B19 /* Release */ = {
			isa = XCBuildConfiguration;
			buildSettings = {
				ASSETCATALOG_COMPILER_APPICON_NAME = AppIcon;
				CODE_SIGN_STYLE = Automatic;
				INFOPLIST_FILE = SwiftJump/Info.plist;
				LD_RUNPATH_SEARCH_PATHS = "$(inherited) @executable_path/Frameworks";
				PRODUCT_BUNDLE_IDENTIFIER = theos.SwiftJump;
				PRODUCT_NAME = "$(TARGET_NAME)";
				SWIFT_VERSION = 4.0;
				TARGETED_DEVICE_FAMILY = "1,2";
			};
			name = Release;
		};
		E4F72AB62098331200243B19 /* Debug */ = {
			isa = XCBuildConfiguration;
			buildSettings = {
				ALWAYS_EMBED_SWIFT_STANDARD_LIBRARIES = YES;
				BUNDLE_LOADER = "$(TEST_HOST)";
				CODE_SIGN_STYLE = Automatic;
				INFOPLIST_FILE = SwiftJumpTests/Info.plist;
				LD_RUNPATH_SEARCH_PATHS = "$(inherited) @executable_path/Frameworks @loader_path/Frameworks";
				PRODUCT_BUNDLE_IDENTIFIER = theos.SwiftJumpTests;
				PRODUCT_NAME = "$(TARGET_NAME)";
				SWIFT_VERSION = 4.0;
				TARGETED_DEVICE_FAMILY = "1,2";
				TEST_HOST = "$(BUILT_PRODUCTS_DIR)/SwiftJump.app/SwiftJump";
			};
			name = Debug;
		};
		E4F72AB72098331200243B19 /* Release */ = {
			isa = XCBuildConfiguration;
			buildSettings = {
				ALWAYS_EMBED_SWIFT_STANDARD_LIBRARIES = YES;
				BUNDLE_LOADER = "$(TEST_HOST)";
				CODE_SIGN_STYLE = Automatic;
				INFOPLIST_FILE = SwiftJumpTests/Info.plist;
				LD_RUNPATH_SEARCH_PATHS = "$(inherited) @executable_path/Frameworks @loader_path/Frameworks";
				PRODUCT_BUNDLE_IDENTIFIER = theos.SwiftJumpTests;
				PRODUCT_NAME = "$(TARGET_NAME)";
				SWIFT_VERSION = 4.0;
				TARGETED_DEVICE_FAMILY = "1,2";
				TEST_HOST = "$(BUILT_PRODUCTS_DIR)/SwiftJump.app/SwiftJump";
			};
			name = Release;
		};
		E4F72AB92098331200243B19 /* Debug */ = {
			isa = XCBuildConfiguration;
			buildSettings = {
				ALWAYS_EMBED_SWIFT_STANDARD_LIBRARIES = YES;
				CODE_SIGN_STYLE = Automatic;
				INFOPLIST_FILE = SwiftJumpUITests/Info.plist;
				LD_RUNPATH_SEARCH_PATHS = "$(inherited) @executable_path/Frameworks @loader_path/Frameworks";
				PRODUCT_BUNDLE_IDENTIFIER = theos.SwiftJumpUITests;
				PRODUCT_NAME = "$(TARGET_NAME)";
				SWIFT_VERSION = 4.0;
				TARGETED_DEVICE_FAMILY = "1,2";
				TEST_TARGET_NAME = SwiftJump;
			};
			name = Debug;
		};
		E4F72ABA2098331200243B19 /* Release */ = {
			isa = XCBuildConfiguration;
			buildSettings = {
				ALWAYS_EMBED_SWIFT_STANDARD_LIBRARIES = YES;
				CODE_SIGN_STYLE = Automatic;
				INFOPLIST_FILE = SwiftJumpUITests/Info.plist;
				LD_RUNPATH_SEARCH_PATHS = "$(inherited) @executable_path/Frameworks @loader_path/Frameworks";
				PRODUCT_BUNDLE_IDENTIFIER = theos.SwiftJumpUITests;
				PRODUCT_NAME = "$(TARGET_NAME)";
				SWIFT_VERSION = 4.0;
				TARGETED_DEVICE_FAMILY = "1,2";
				TEST_TARGET_NAME = SwiftJump;
			};
			name = Release;
		};
/* End XCBuildConfiguration section */

/* Begin XCConfigurationList section */
		E4F72A7F2098331200243B19 /* Build configuration list for PBXProject "SwiftJump" */ = {
			isa = XCConfigurationList;
			buildConfigurations = (
				E4F72AB02098331200243B19 /* Debug */,
				E4F72AB12098331200243B19 /* Release */,
			);
			defaultConfigurationIsVisible = 0;
			defaultConfigurationName = Release;
		};
		E4F72AB22098331200243B19 /* Build configuration list for PBXNativeTarget "SwiftJump" */ = {
			isa = XCConfigurationList;
			buildConfigurations = (
				E4F72AB32098331200243B19 /* Debug */,
				E4F72AB42098331200243B19 /* Release */,
			);
			defaultConfigurationIsVisible = 0;
			defaultConfigurationName = Release;
		};
		E4F72AB52098331200243B19 /* Build configuration list for PBXNativeTarget "SwiftJumpTests" */ = {
			isa = XCConfigurationList;
			buildConfigurations = (
				E4F72AB62098331200243B19 /* Debug */,
				E4F72AB72098331200243B19 /* Release */,
			);
			defaultConfigurationIsVisible = 0;
			defaultConfigurationName = Release;
		};
		E4F72AB82098331200243B19 /* Build configuration list for PBXNativeTarget "SwiftJumpUITests" */ = {
			isa = XCConfigurationList;
			buildConfigurations = (
				E4F72AB92098331200243B19 /* Debug */,
				E4F72ABA2098331200243B19 /* Release */,
			);
			defaultConfigurationIsVisible = 0;
			defaultConfigurationName = Release;
		};
/* End XCConfigurationList section */
	};
	rootObject = E4F72A7C2098331200243B19 /* Project object */;
}
